{
    "_readme": [
        "This file locks the dependencies of your project to a known state",
        "Read more about it at https://getcomposer.org/doc/01-basic-usage.md#installing-dependencies",
        "This file is @generated automatically"
    ],
    "content-hash": "3fff36f8454551e17d773479f87e37ba",
    "packages": [
        {
            "name": "openboleto/openboleto",
            "version": "dev-master",
            "source": {
                "type": "git",
                "url": "https://github.com/openboleto/openboleto.git",
                "reference": "2fa22045d58ab6fd90aa472f208ed07c4134787c"
            },
            "dist": {
                "type": "zip",
                "url": "https://api.github.com/repos/openboleto/openboleto/zipball/2fa22045d58ab6fd90aa472f208ed07c4134787c",
                "reference": "2fa22045d58ab6fd90aa472f208ed07c4134787c",
                "shasum": ""
            },
            "require": {
                "php": ">=5.6"
            },
            "default-branch": true,
            "type": "library",
            "autoload": {
                "psr-0": {
                    "OpenBoleto\\": "src/"
                }
            },
            "notification-url": "https://packagist.org/downloads/",
            "license": [
                "MIT"
            ],
            "authors": [
                {
                    "name": "José Frederico",
                    "email": "contato@livetechtecnologia.com.br"
                },
                {
                    "name": "Daniel Garajau",
                    "email": "daniel@garajau.com.br"
                },
                {
                    "name": "Rogerio Muniz",
                    "email": "rogerio@quilhasoft.com.br"
                }
            ],
            "description": "Biblioteca para geração de boletos bancários.",
            "homepage": "http://github.com/openboleto/openboleto",
            "keywords": [
                "boleto",
                "boleto bancario"
            ],
            "support": {
                "issues": "https://github.com/openboleto/openboleto/issues",
                "source": "https://github.com/openboleto/openboleto/tree/master"
            },
            "time": "2022-12-21T02:37:12+00:00"
        }
    ],
    "packages-dev": [],
    "aliases": [],
    "minimum-stability": "stable",
    "stability-flags": {
        "openboleto/openboleto": 20
    },
    "prefer-stable": false,
    "prefer-lowest": false,
    "platform": {
        "php": ">=7.0.0"
    },
    "platform-dev": [],
    "plugin-api-version": "2.3.0"
}
